
Microsoft Visual Studio Solution File, Format Version 12.00
# Visual Studio 15
VisualStudioVersion = 15.0.27205.2004
MinimumVisualStudioVersion = 10.0.40219.1
Project("{FAE04EC0-301F-11D3-BF4B-00C04F79EFBC}") = "Calculation.Engine", "Calculation.Engine\Calculation.Engine.csproj", "{5560C60C-D155-40DE-83A1-C2B7F5B23B78}"
EndProject
Project("{FAE04EC0-301F-11D3-BF4B-00C04F79EFBC}") = "Calculation.EngineHost", "Calculation.EngineHost\Calculation.EngineHost.csproj", "{0A8CE729-78E1-499F-918D-683C41644176}"
EndProject
Global
	GlobalSection(SolutionConfigurationPlatforms) = preSolution
		Debug|Any CPU = Debug|Any CPU
		Release|Any CPU = Release|Any CPU
	EndGlobalSection
	GlobalSection(ProjectConfigurationPlatforms) = postSolution
		{5560C60C-D155-40DE-83A1-C2B7F5B23B78}.Debug|Any CPU.ActiveCfg = Debug|Any CPU
		{5560C60C-D155-40DE-83A1-C2B7F5B23B78}.Debug|Any CPU.Build.0 = Debug|Any CPU
		{5560C60C-D155-40DE-83A1-C2B7F5B23B78}.Release|Any CPU.ActiveCfg = Release|Any CPU
		{5560C60C-D155-40DE-83A1-C2B7F5B23B78}.Release|Any CPU.Build.0 = Release|Any CPU
		{0A8CE729-78E1-499F-918D-683C41644176}.Debug|Any CPU.ActiveCfg = Debug|Any CPU
		{0A8CE729-78E1-499F-918D-683C41644176}.Debug|Any CPU.Build.0 = Debug|Any CPU
		{0A8CE729-78E1-499F-918D-683C41644176}.Release|Any CPU.ActiveCfg = Release|Any CPU
		{0A8CE729-78E1-499F-918D-683C41644176}.Release|Any CPU.Build.0 = Release|Any CPU
	EndGlobalSection
	GlobalSection(SolutionProperties) = preSolution
		HideSolutionNode = FALSE
	EndGlobalSection
	GlobalSection(ExtensibilityGlobals) = postSolution
		SolutionGuid = {20F24381-56C7-4592-8FF1-937CD047C09F}
	EndGlobalSection
EndGlobal
